
Microsoft Visual Studio Solution File, Format Version 12.00
# Visual Studio Version 17
VisualStudioVersion = 17.6.33723.286
MinimumVisualStudioVersion = 10.0.40219.1
Project("{FAE04EC0-301F-11D3-BF4B-00C04F79EFBC}") = "MongodbMyself", "MongodbMyself\MongodbMyself.csproj", "{3D2D217E-CA13-4AE9-8ABA-DD5190567A7C}"
EndProject
Global
	GlobalSection(SolutionConfigurationPlatforms) = preSolution
		Debug|Any CPU = Debug|Any CPU
		Release|Any CPU = Release|Any CPU
	EndGlobalSection
	GlobalSection(ProjectConfigurationPlatforms) = postSolution
		{3D2D217E-CA13-4AE9-8ABA-DD5190567A7C}.Debug|Any CPU.ActiveCfg = Debug|Any CPU
		{3D2D217E-CA13-4AE9-8ABA-DD5190567A7C}.Debug|Any CPU.Build.0 = Debug|Any CPU
		{3D2D217E-CA13-4AE9-8ABA-DD5190567A7C}.Release|Any CPU.ActiveCfg = Release|Any CPU
		{3D2D217E-CA13-4AE9-8ABA-DD5190567A7C}.Release|Any CPU.Build.0 = Release|Any CPU
	EndGlobalSection
	GlobalSection(SolutionProperties) = preSolution
		HideSolutionNode = FALSE
	EndGlobalSection
	GlobalSection(ExtensibilityGlobals) = postSolution
		SolutionGuid = {5679589D-FF22-44EB-B905-0074D3DA6937}
	EndGlobalSection
EndGlobal
